// !$*UTF8*$!
{
	archiveVersion = 1;
	classes = {
	};
	objectVersion = 55;
	objects = {

/* Begin PBXBuildFile section */
		0DB1968E270F3D3A000AC149 /* EggGroupManager.swift in Sources */ = {isa = PBXBuildFile; fileRef = 0DB1968D270F3D3A000AC149 /* EggGroupManager.swift */; };
		0DCDA527270B88EC00CC6805 /* AppDelegate.swift in Sources */ = {isa = PBXBuildFile; fileRef = 0DCDA526270B88EC00CC6805 /* AppDelegate.swift */; };
		0DCDA529270B88EC00CC6805 /* SceneDelegate.swift in Sources */ = {isa = PBXBuildFile; fileRef = 0DCDA528270B88EC00CC6805 /* SceneDelegate.swift */; };
		0DCDA52B270B88EC00CC6805 /* MainViewController.swift in Sources */ = {isa = PBXBuildFile; fileRef = 0DCDA52A270B88EC00CC6805 /* MainViewController.swift */; };
		0DCDA52E270B88EC00CC6805 /* Main.storyboard in Resources */ = {isa = PBXBuildFile; fileRef = 0DCDA52C270B88EC00CC6805 /* Main.storyboard */; };
		0DCDA530270B88ED00CC6805 /* Assets.xcassets in Resources */ = {isa = PBXBuildFile; fileRef = 0DCDA52F270B88ED00CC6805 /* Assets.xcassets */; };
		0DCDA533270B88ED00CC6805 /* LaunchScreen.storyboard in Resources */ = {isa = PBXBuildFile; fileRef = 0DCDA531270B88ED00CC6805 /* LaunchScreen.storyboard */; };
		0DCDA53B270B938000CC6805 /* Pokemon.swift in Sources */ = {isa = PBXBuildFile; fileRef = 0DCDA53A270B938000CC6805 /* Pokemon.swift */; };
		0DCDA540270B9A7700CC6805 /* PokemonSource.swift in Sources */ = {isa = PBXBuildFile; fileRef = 0DCDA53F270B9A7700CC6805 /* PokemonSource.swift */; };
		0DCDA542270B9F0A00CC6805 /* BasicCell.swift in Sources */ = {isa = PBXBuildFile; fileRef = 0DCDA541270B9F0A00CC6805 /* BasicCell.swift */; };
		0DCDA544270BA42200CC6805 /* EnlargedViewController.swift in Sources */ = {isa = PBXBuildFile; fileRef = 0DCDA543270BA42200CC6805 /* EnlargedViewController.swift */; };
		0DD412CF270E08D400D1AF36 /* PokemonCollectionViewController.swift in Sources */ = {isa = PBXBuildFile; fileRef = 0DD412CE270E08D400D1AF36 /* PokemonCollectionViewController.swift */; };
		0DD412D7270E3B5200D1AF36 /* PokeSection.swift in Sources */ = {isa = PBXBuildFile; fileRef = 0DD412D6270E3B5200D1AF36 /* PokeSection.swift */; };
		0DD412D9270E3CA300D1AF36 /* EggGroup.swift in Sources */ = {isa = PBXBuildFile; fileRef = 0DD412D8270E3CA300D1AF36 /* EggGroup.swift */; };
		8C8215A2A40CB829CFD9BE4F /* Pods_Assignment_10.framework in Frameworks */ = {isa = PBXBuildFile; fileRef = 8917FA0CD1C90F27FC9AF373 /* Pods_Assignment_10.framework */; };
/* End PBXBuildFile section */

/* Begin PBXFileReference section */
		0DB1968D270F3D3A000AC149 /* EggGroupManager.swift */ = {isa = PBXFileReference; lastKnownFileType = sourcecode.swift; path = EggGroupManager.swift; sourceTree = "<group>"; };
		0DCDA523270B88EC00CC6805 /* Assignment_10.app */ = {isa = PBXFileReference; explicitFileType = wrapper.application; includeInIndex = 0; path = Assignment_10.app; sourceTree = BUILT_PRODUCTS_DIR; };
		0DCDA526270B88EC00CC6805 /* AppDelegate.swift */ = {isa = PBXFileReference; lastKnownFileType = sourcecode.swift; path = AppDelegate.swift; sourceTree = "<group>"; };
		0DCDA528270B88EC00CC6805 /* SceneDelegate.swift */ = {isa = PBXFileReference; lastKnownFileType = sourcecode.swift; path = SceneDelegate.swift; sourceTree = "<group>"; };
		0DCDA52A270B88EC00CC6805 /* MainViewController.swift */ = {isa = PBXFileReference; lastKnownFileType = sourcecode.swift; path = MainViewController.swift; sourceTree = "<group>"; };
		0DCDA52D270B88EC00CC6805 /* Base */ = {isa = PBXFileReference; lastKnownFileType = file.storyboard; name = Base; path = Base.lproj/Main.storyboard; sourceTree = "<group>"; };
		0DCDA52F270B88ED00CC6805 /* Assets.xcassets */ = {isa = PBXFileReference; lastKnownFileType = folder.assetcatalog; path = Assets.xcassets; sourceTree = "<group>"; };
		0DCDA532270B88ED00CC6805 /* Base */ = {isa = PBXFileReference; lastKnownFileType = file.storyboard; name = Base; path = Base.lproj/LaunchScreen.storyboard; sourceTree = "<group>"; };
		0DCDA534270B88ED00CC6805 /* Info.plist */ = {isa = PBXFileReference; lastKnownFileType = text.plist.xml; path = Info.plist; sourceTree = "<group>"; };
		0DCDA53A270B938000CC6805 /* Pokemon.swift */ = {isa = PBXFileReference; lastKnownFileType = sourcecode.swift; path = Pokemon.swift; sourceTree = "<group>"; };
		0DCDA53F270B9A7700CC6805 /* PokemonSource.swift */ = {isa = PBXFileReference; lastKnownFileType = sourcecode.swift; path = PokemonSource.swift; sourceTree = "<group>"; };
		0DCDA541270B9F0A00CC6805 /* BasicCell.swift */ = {isa = PBXFileReference; lastKnownFileType = sourcecode.swift; path = BasicCell.swift; sourceTree = "<group>"; };
		0DCDA543270BA42200CC6805 /* EnlargedViewController.swift */ = {isa = PBXFileReference; lastKnownFileType = sourcecode.swift; name = EnlargedViewController.swift; path = ../View/EnlargedViewController.swift; sourceTree = "<group>"; };
		0DD412CE270E08D400D1AF36 /* PokemonCollectionViewController.swift */ = {isa = PBXFileReference; lastKnownFileType = sourcecode.swift; name = PokemonCollectionViewController.swift; path = Assignment_10/Controller/PokemonCollectionViewController.swift; sourceTree = SOURCE_ROOT; };
		0DD412D6270E3B5200D1AF36 /* PokeSection.swift */ = {isa = PBXFileReference; lastKnownFileType = sourcecode.swift; name = PokeSection.swift; path = Assignment_10/View/PokeSection.swift; sourceTree = SOURCE_ROOT; };
		0DD412D8270E3CA300D1AF36 /* EggGroup.swift */ = {isa = PBXFileReference; lastKnownFileType = sourcecode.swift; path = EggGroup.swift; sourceTree = "<group>"; };
		327D7C42CECFF34CE951B353 /* Pods-Assignment_10.debug.xcconfig */ = {isa = PBXFileReference; includeInIndex = 1; lastKnownFileType = text.xcconfig; name = "Pods-Assignment_10.debug.xcconfig"; path = "Target Support Files/Pods-Assignment_10/Pods-Assignment_10.debug.xcconfig"; sourceTree = "<group>"; };
		81229C407BD1CDCB285D8CBC /* Pods-Assignment_10.release.xcconfig */ = {isa = PBXFileReference; includeInIndex = 1; lastKnownFileType = text.xcconfig; name = "Pods-Assignment_10.release.xcconfig"; path = "Target Support Files/Pods-Assignment_10/Pods-Assignment_10.release.xcconfig"; sourceTree = "<group>"; };
		8917FA0CD1C90F27FC9AF373 /* Pods_Assignment_10.framework */ = {isa = PBXFileReference; explicitFileType = wrapper.framework; includeInIndex = 0; path = Pods_Assignment_10.framework; sourceTree = BUILT_PRODUCTS_DIR; };
/* End PBXFileReference section */

/* Begin PBXFrameworksBuildPhase section */
		0DCDA520270B88EC00CC6805 /* Frameworks */ = {
			isa = PBXFrameworksBuildPhase;
			buildActionMask = 2147483647;
			files = (
				8C8215A2A40CB829CFD9BE4F /* Pods_Assignment_10.framework in Frameworks */,
			);
			runOnlyForDeploymentPostprocessing = 0;
		};
/* End PBXFrameworksBuildPhase section */

/* Begin PBXGroup section */
		0DCDA51A270B88EC00CC6805 = {
			isa = PBXGroup;
			children = (
				0DCDA525270B88EC00CC6805 /* Assignment_10 */,
				0DCDA524270B88EC00CC6805 /* Products */,
				46A1A1F191DF328F743B2C51 /* Pods */,
				6CE3C90A3FDD24A55543A51E /* Frameworks */,
			);
			sourceTree = "<group>";
		};
		0DCDA524270B88EC00CC6805 /* Products */ = {
			isa = PBXGroup;
			children = (
				0DCDA523270B88EC00CC6805 /* Assignment_10.app */,
			);
			name = Products;
			sourceTree = "<group>";
		};
		0DCDA525270B88EC00CC6805 /* Assignment_10 */ = {
			isa = PBXGroup;
			children = (
				0DCDA526270B88EC00CC6805 /* AppDelegate.swift */,
				0DCDA528270B88EC00CC6805 /* SceneDelegate.swift */,
				0DCDA53D270B946900CC6805 /* Controller */,
				0DCDA53C270B943E00CC6805 /* Model */,
				0DCDA53E270B948500CC6805 /* View */,
				0DCDA52F270B88ED00CC6805 /* Assets.xcassets */,
				0DCDA534270B88ED00CC6805 /* Info.plist */,
			);
			path = Assignment_10;
			sourceTree = "<group>";
		};
		0DCDA53C270B943E00CC6805 /* Model */ = {
			isa = PBXGroup;
			children = (
				0DB1968D270F3D3A000AC149 /* EggGroupManager.swift */,
				0DCDA53A270B938000CC6805 /* Pokemon.swift */,
				0DCDA53F270B9A7700CC6805 /* PokemonSource.swift */,
				0DD412D8270E3CA300D1AF36 /* EggGroup.swift */,
			);
			path = Model;
			sourceTree = "<group>";
		};
		0DCDA53D270B946900CC6805 /* Controller */ = {
			isa = PBXGroup;
			children = (
				0DD412D6270E3B5200D1AF36 /* PokeSection.swift */,
				0DCDA543270BA42200CC6805 /* EnlargedViewController.swift */,
				0DCDA52A270B88EC00CC6805 /* MainViewController.swift */,
				0DD412CE270E08D400D1AF36 /* PokemonCollectionViewController.swift */,
				0DCDA541270B9F0A00CC6805 /* BasicCell.swift */,
			);
			path = Controller;
			sourceTree = "<group>";
		};
		0DCDA53E270B948500CC6805 /* View */ = {
			isa = PBXGroup;
			children = (
				0DCDA52C270B88EC00CC6805 /* Main.storyboard */,
				0DCDA531270B88ED00CC6805 /* LaunchScreen.storyboard */,
			);
			path = View;
			sourceTree = "<group>";
		};
		46A1A1F191DF328F743B2C51 /* Pods */ = {
			isa = PBXGroup;
			children = (
				327D7C42CECFF34CE951B353 /* Pods-Assignment_10.debug.xcconfig */,
				81229C407BD1CDCB285D8CBC /* Pods-Assignment_10.release.xcconfig */,
			);
			path = Pods;
			sourceTree = "<group>";
		};
		6CE3C90A3FDD24A55543A51E /* Frameworks */ = {
			isa = PBXGroup;
			children = (
				8917FA0CD1C90F27FC9AF373 /* Pods_Assignment_10.framework */,
			);
			name = Frameworks;
			sourceTree = "<group>";
		};
/* End PBXGroup section */

/* Begin PBXNativeTarget section */
		0DCDA522270B88EC00CC6805 /* Assignment_10 */ = {
			isa = PBXNativeTarget;
			buildConfigurationList = 0DCDA537270B88ED00CC6805 /* Build configuration list for PBXNativeTarget "Assignment_10" */;
			buildPhases = (
				91F5434F11639BE394AD6C24 /* [CP] Check Pods Manifest.lock */,
				0DCDA51F270B88EC00CC6805 /* Sources */,
				0DCDA520270B88EC00CC6805 /* Frameworks */,
				0DCDA521270B88EC00CC6805 /* Resources */,
				D95B09FC7D9E798CB3AB1955 /* [CP] Embed Pods Frameworks */,
			);
			buildRules = (
			);
			dependencies = (
			);
			name = Assignment_10;
			productName = Assignment_10;
			productReference = 0DCDA523270B88EC00CC6805 /* Assignment_10.app */;
			productType = "com.apple.product-type.application";
		};
/* End PBXNativeTarget section */

/* Begin PBXProject section */
		0DCDA51B270B88EC00CC6805 /* Project object */ = {
			isa = PBXProject;
			attributes = {
				BuildIndependentTargetsInParallel = 1;
				LastSwiftUpdateCheck = 1300;
				LastUpgradeCheck = 1300;
				TargetAttributes = {
					0DCDA522270B88EC00CC6805 = {
						CreatedOnToolsVersion = 13.0;
					};
				};
			};
			buildConfigurationList = 0DCDA51E270B88EC00CC6805 /* Build configuration list for PBXProject "Assignment_10" */;
			compatibilityVersion = "Xcode 13.0";
			developmentRegion = en;
			hasScannedForEncodings = 0;
			knownRegions = (
				en,
				Base,
			);
			mainGroup = 0DCDA51A270B88EC00CC6805;
			productRefGroup = 0DCDA524270B88EC00CC6805 /* Products */;
			projectDirPath = "";
			projectRoot = "";
			targets = (
				0DCDA522270B88EC00CC6805 /* Assignment_10 */,
			);
		};
/* End PBXProject section */

/* Begin PBXResourcesBuildPhase section */
		0DCDA521270B88EC00CC6805 /* Resources */ = {
			isa = PBXResourcesBuildPhase;
			buildActionMask = 2147483647;
			files = (
				0DCDA533270B88ED00CC6805 /* LaunchScreen.storyboard in Resources */,
				0DCDA530270B88ED00CC6805 /* Assets.xcassets in Resources */,
				0DCDA52E270B88EC00CC6805 /* Main.storyboard in Resources */,
			);
			runOnlyForDeploymentPostprocessing = 0;
		};
/* End PBXResourcesBuildPhase section */

/* Begin PBXShellScriptBuildPhase section */
		91F5434F11639BE394AD6C24 /* [CP] Check Pods Manifest.lock */ = {
			isa = PBXShellScriptBuildPhase;
			buildActionMask = 2147483647;
			files = (
			);
			inputFileListPaths = (
			);
			inputPaths = (
				"${PODS_PODFILE_DIR_PATH}/Podfile.lock",
				"${PODS_ROOT}/Manifest.lock",
			);
			name = "[CP] Check Pods Manifest.lock";
			outputFileListPaths = (
			);
			outputPaths = (
				"$(DERIVED_FILE_DIR)/Pods-Assignment_10-checkManifestLockResult.txt",
			);
			runOnlyForDeploymentPostprocessing = 0;
			shellPath = /bin/sh;
			shellScript = "diff \"${PODS_PODFILE_DIR_PATH}/Podfile.lock\" \"${PODS_ROOT}/Manifest.lock\" > /dev/null\nif [ $? != 0 ] ; then\n    # print error to STDERR\n    echo \"error: The sandbox is not in sync with the Podfile.lock. Run 'pod install' or update your CocoaPods installation.\" >&2\n    exit 1\nfi\n# This output is used by Xcode 'outputs' to avoid re-running this script phase.\necho \"SUCCESS\" > \"${SCRIPT_OUTPUT_FILE_0}\"\n";
			showEnvVarsInLog = 0;
		};
		D95B09FC7D9E798CB3AB1955 /* [CP] Embed Pods Frameworks */ = {
			isa = PBXShellScriptBuildPhase;
			buildActionMask = 2147483647;
			files = (
			);
			inputFileListPaths = (
				"${PODS_ROOT}/Target Support Files/Pods-Assignment_10/Pods-Assignment_10-frameworks-${CONFIGURATION}-input-files.xcfilelist",
			);
			name = "[CP] Embed Pods Frameworks";
			outputFileListPaths = (
				"${PODS_ROOT}/Target Support Files/Pods-Assignment_10/Pods-Assignment_10-frameworks-${CONFIGURATION}-output-files.xcfilelist",
			);
			runOnlyForDeploymentPostprocessing = 0;
			shellPath = /bin/sh;
			shellScript = "\"${PODS_ROOT}/Target Support Files/Pods-Assignment_10/Pods-Assignment_10-frameworks.sh\"\n";
			showEnvVarsInLog = 0;
		};
/* End PBXShellScriptBuildPhase section */

/* Begin PBXSourcesBuildPhase section */
		0DCDA51F270B88EC00CC6805 /* Sources */ = {
			isa = PBXSourcesBuildPhase;
			buildActionMask = 2147483647;
			files = (
				0DCDA52B270B88EC00CC6805 /* MainViewController.swift in Sources */,
				0DD412D7270E3B5200D1AF36 /* PokeSection.swift in Sources */,
				0DCDA53B270B938000CC6805 /* Pokemon.swift in Sources */,
				0DCDA540270B9A7700CC6805 /* PokemonSource.swift in Sources */,
				0DCDA542270B9F0A00CC6805 /* BasicCell.swift in Sources */,
				0DD412D9270E3CA300D1AF36 /* EggGroup.swift in Sources */,
				0DD412CF270E08D400D1AF36 /* PokemonCollectionViewController.swift in Sources */,
				0DCDA544270BA42200CC6805 /* EnlargedViewController.swift in Sources */,
				0DCDA527270B88EC00CC6805 /* AppDelegate.swift in Sources */,
				0DCDA529270B88EC00CC6805 /* SceneDelegate.swift in Sources */,
				0DB1968E270F3D3A000AC149 /* EggGroupManager.swift in Sources */,
			);
			runOnlyForDeploymentPostprocessing = 0;
		};
/* End PBXSourcesBuildPhase section */

/* Begin PBXVariantGroup section */
		0DCDA52C270B88EC00CC6805 /* Main.storyboard */ = {
			isa = PBXVariantGroup;
			children = (
				0DCDA52D270B88EC00CC6805 /* Base */,
			);
			name = Main.storyboard;
			sourceTree = "<group>";
		};
		0DCDA531270B88ED00CC6805 /* LaunchScreen.storyboard */ = {
			isa = PBXVariantGroup;
			children = (
				0DCDA532270B88ED00CC6805 /* Base */,
			);
			name = LaunchScreen.storyboard;
			sourceTree = "<group>";
		};
/* End PBXVariantGroup section */

/* Begin XCBuildConfiguration section */
		0DCDA535270B88ED00CC6805 /* Debug */ = {
			isa = XCBuildConfiguration;
			buildSettings = {
				ALWAYS_SEARCH_USER_PATHS = NO;
				CLANG_ANALYZER_NONNULL = YES;
				CLANG_ANALYZER_NUMBER_OBJECT_CONVERSION = YES_AGGRESSIVE;
				CLANG_CXX_LANGUAGE_STANDARD = "gnu++17";
				CLANG_CXX_LIBRARY = "libc++";
				CLANG_ENABLE_MODULES = YES;
				CLANG_ENABLE_OBJC_ARC = YES;
				CLANG_ENABLE_OBJC_WEAK = YES;
				CLANG_WARN_BLOCK_CAPTURE_AUTORELEASING = YES;
				CLANG_WARN_BOOL_CONVERSION = YES;
				CLANG_WARN_COMMA = YES;
				CLANG_WARN_CONSTANT_CONVERSION = YES;
				CLANG_WARN_DEPRECATED_OBJC_IMPLEMENTATIONS = YES;
				CLANG_WARN_DIRECT_OBJC_ISA_USAGE = YES_ERROR;
				CLANG_WARN_DOCUMENTATION_COMMENTS = YES;
				CLANG_WARN_EMPTY_BODY = YES;
				CLANG_WARN_ENUM_CONVERSION = YES;
				CLANG_WARN_INFINITE_RECURSION = YES;
				CLANG_WARN_INT_CONVERSION = YES;
				CLANG_WARN_NON_LITERAL_NULL_CONVERSION = YES;
				CLANG_WARN_OBJC_IMPLICIT_RETAIN_SELF = YES;
				CLANG_WARN_OBJC_LITERAL_CONVERSION = YES;
				CLANG_WARN_OBJC_ROOT_CLASS = YES_ERROR;
				CLANG_WARN_QUOTED_INCLUDE_IN_FRAMEWORK_HEADER = YES;
				CLANG_WARN_RANGE_LOOP_ANALYSIS = YES;
				CLANG_WARN_STRICT_PROTOTYPES = YES;
				CLANG_WARN_SUSPICIOUS_MOVE = YES;
				CLANG_WARN_UNGUARDED_AVAILABILITY = YES_AGGRESSIVE;
				CLANG_WARN_UNREACHABLE_CODE = YES;
				CLANG_WARN__DUPLICATE_METHOD_MATCH = YES;
				COPY_PHASE_STRIP = NO;
				DEBUG_INFORMATION_FORMAT = dwarf;
				ENABLE_STRICT_OBJC_MSGSEND = YES;
				ENABLE_TESTABILITY = YES;
				GCC_C_LANGUAGE_STANDARD = gnu11;
				GCC_DYNAMIC_NO_PIC = NO;
				GCC_NO_COMMON_BLOCKS = YES;
				GCC_OPTIMIZATION_LEVEL = 0;
				GCC_PREPROCESSOR_DEFINITIONS = (
					"DEBUG=1",
					"$(inherited)",
				);
				GCC_WARN_64_TO_32_BIT_CONVERSION = YES;
				GCC_WARN_ABOUT_RETURN_TYPE = YES_ERROR;
				GCC_WARN_UNDECLARED_SELECTOR = YES;
				GCC_WARN_UNINITIALIZED_AUTOS = YES_AGGRESSIVE;
				GCC_WARN_UNUSED_FUNCTION = YES;
				GCC_WARN_UNUSED_VARIABLE = YES;
				IPHONEOS_DEPLOYMENT_TARGET = 15.0;
				MTL_ENABLE_DEBUG_INFO = INCLUDE_SOURCE;
				MTL_FAST_MATH = YES;
				ONLY_ACTIVE_ARCH = YES;
				SDKROOT = iphoneos;
				SWIFT_ACTIVE_COMPILATION_CONDITIONS = DEBUG;
				SWIFT_OPTIMIZATION_LEVEL = "-Onone";
			};
			name = Debug;
		};
		0DCDA536270B88ED00CC6805 /* Release */ = {
			isa = XCBuildConfiguration;
			buildSettings = {
				ALWAYS_SEARCH_USER_PATHS = NO;
				CLANG_ANALYZER_NONNULL = YES;
				CLANG_ANALYZER_NUMBER_OBJECT_CONVERSION = YES_AGGRESSIVE;
				CLANG_CXX_LANGUAGE_STANDARD = "gnu++17";
				CLANG_CXX_LIBRARY = "libc++";
				CLANG_ENABLE_MODULES = YES;
				CLANG_ENABLE_OBJC_ARC = YES;
				CLANG_ENABLE_OBJC_WEAK = YES;
				CLANG_WARN_BLOCK_CAPTURE_AUTORELEASING = YES;
				CLANG_WARN_BOOL_CONVERSION = YES;
				CLANG_WARN_COMMA = YES;
				CLANG_WARN_CONSTANT_CONVERSION = YES;
				CLANG_WARN_DEPRECATED_OBJC_IMPLEMENTATIONS = YES;
				CLANG_WARN_DIRECT_OBJC_ISA_USAGE = YES_ERROR;
				CLANG_WARN_DOCUMENTATION_COMMENTS = YES;
				CLANG_WARN_EMPTY_BODY = YES;
				CLANG_WARN_ENUM_CONVERSION = YES;
				CLANG_WARN_INFINITE_RECURSION = YES;
				CLANG_WARN_INT_CONVERSION = YES;
				CLANG_WARN_NON_LITERAL_NULL_CONVERSION = YES;
				CLANG_WARN_OBJC_IMPLICIT_RETAIN_SELF = YES;
				CLANG_WARN_OBJC_LITERAL_CONVERSION = YES;
				CLANG_WARN_OBJC_ROOT_CLASS = YES_ERROR;
				CLANG_WARN_QUOTED_INCLUDE_IN_FRAMEWORK_HEADER = YES;
				CLANG_WARN_RANGE_LOOP_ANALYSIS = YES;
				CLANG_WARN_STRICT_PROTOTYPES = YES;
				CLANG_WARN_SUSPICIOUS_MOVE = YES;
				CLANG_WARN_UNGUARDED_AVAILABILITY = YES_AGGRESSIVE;
				CLANG_WARN_UNREACHABLE_CODE = YES;
				CLANG_WARN__DUPLICATE_METHOD_MATCH = YES;
				COPY_PHASE_STRIP = NO;
				DEBUG_INFORMATION_FORMAT = "dwarf-with-dsym";
				ENABLE_NS_ASSERTIONS = NO;
				ENABLE_STRICT_OBJC_MSGSEND = YES;
				GCC_C_LANGUAGE_STANDARD = gnu11;
				GCC_NO_COMMON_BLOCKS = YES;
				GCC_WARN_64_TO_32_BIT_CONVERSION = YES;
				GCC_WARN_ABOUT_RETURN_TYPE = YES_ERROR;
				GCC_WARN_UNDECLARED_SELECTOR = YES;
				GCC_WARN_UNINITIALIZED_AUTOS = YES_AGGRESSIVE;
				GCC_WARN_UNUSED_FUNCTION = YES;
				GCC_WARN_UNUSED_VARIABLE = YES;
				IPHONEOS_DEPLOYMENT_TARGET = 15.0;
				MTL_ENABLE_DEBUG_INFO = NO;
				MTL_FAST_MATH = YES;
				SDKROOT = iphoneos;
				SWIFT_COMPILATION_MODE = wholemodule;
				SWIFT_OPTIMIZATION_LEVEL = "-O";
				VALIDATE_PRODUCT = YES;
			};
			name = Release;
		};
		0DCDA538270B88ED00CC6805 /* Debug */ = {
			isa = XCBuildConfiguration;
			baseConfigurationReference = 327D7C42CECFF34CE951B353 /* Pods-Assignment_10.debug.xcconfig */;
			buildSettings = {
				ASSETCATALOG_COMPILER_APPICON_NAME = AppIcon;
				ASSETCATALOG_COMPILER_GLOBAL_ACCENT_COLOR_NAME = AccentColor;
				CODE_SIGN_STYLE = Automatic;
				CURRENT_PROJECT_VERSION = 1;
				DEVELOPMENT_TEAM = 68B2VR2Z5P;
				GENERATE_INFOPLIST_FILE = YES;
				INFOPLIST_FILE = Assignment_10/Info.plist;
				INFOPLIST_KEY_UIApplicationSupportsIndirectInputEvents = YES;
				INFOPLIST_KEY_UILaunchStoryboardName = LaunchScreen;
				INFOPLIST_KEY_UIMainStoryboardFile = Main;
				INFOPLIST_KEY_UISupportedInterfaceOrientations_iPad = "UIInterfaceOrientationPortrait UIInterfaceOrientationPortraitUpsideDown UIInterfaceOrientationLandscapeLeft UIInterfaceOrientationLandscapeRight";
				INFOPLIST_KEY_UISupportedInterfaceOrientations_iPhone = "UIInterfaceOrientationPortrait UIInterfaceOrientationLandscapeLeft UIInterfaceOrientationLandscapeRight";
				LD_RUNPATH_SEARCH_PATHS = (
					"$(inherited)",
					"@executable_path/Frameworks",
				);
				MARKETING_VERSION = 1.0;
				PRODUCT_BUNDLE_IDENTIFIER = "com.topuapps.Assignment-10";
				PRODUCT_NAME = "$(TARGET_NAME)";
				SWIFT_EMIT_LOC_STRINGS = YES;
				SWIFT_VERSION = 5.0;
				TARGETED_DEVICE_FAMILY = "1,2";
			};
			name = Debug;
		};
		0DCDA539270B88ED00CC6805 /* Release */ = {
			isa = XCBuildConfiguration;
			baseConfigurationReference = 81229C407BD1CDCB285D8CBC /* Pods-Assignment_10.release.xcconfig */;
			buildSettings = {
				ASSETCATALOG_COMPILER_APPICON_NAME = AppIcon;
				ASSETCATALOG_COMPILER_GLOBAL_ACCENT_COLOR_NAME = AccentColor;
				CODE_SIGN_STYLE = Automatic;
				CURRENT_PROJECT_VERSION = 1;
				DEVELOPMENT_TEAM = 68B2VR2Z5P;
				GENERATE_INFOPLIST_FILE = YES;
				INFOPLIST_FILE = Assignment_10/Info.plist;
				INFOPLIST_KEY_UIApplicationSupportsIndirectInputEvents = YES;
				INFOPLIST_KEY_UILaunchStoryboardName = LaunchScreen;
				INFOPLIST_KEY_UIMainStoryboardFile = Main;
				INFOPLIST_KEY_UISupportedInterfaceOrientations_iPad = "UIInterfaceOrientationPortrait UIInterfaceOrientationPortraitUpsideDown UIInterfaceOrientationLandscapeLeft UIInterfaceOrientationLandscapeRight";
				INFOPLIST_KEY_UISupportedInterfaceOrientations_iPhone = "UIInterfaceOrientationPortrait UIInterfaceOrientationLandscapeLeft UIInterfaceOrientationLandscapeRight";
				LD_RUNPATH_SEARCH_PATHS = (
					"$(inherited)",
					"@executable_path/Frameworks",
				);
				MARKETING_VERSION = 1.0;
				PRODUCT_BUNDLE_IDENTIFIER = "com.topuapps.Assignment-10";
				PRODUCT_NAME = "$(TARGET_NAME)";
				SWIFT_EMIT_LOC_STRINGS = YES;
				SWIFT_VERSION = 5.0;
				TARGETED_DEVICE_FAMILY = "1,2";
			};
			name = Release;
		};
/* End XCBuildConfiguration section */

/* Begin XCConfigurationList section */
		0DCDA51E270B88EC00CC6805 /* Build configuration list for PBXProject "Assignment_10" */ = {
			isa = XCConfigurationList;
			buildConfigurations = (
				0DCDA535270B88ED00CC6805 /* Debug */,
				0DCDA536270B88ED00CC6805 /* Release */,
			);
			defaultConfigurationIsVisible = 0;
			defaultConfigurationName = Release;
		};
		0DCDA537270B88ED00CC6805 /* Build configuration list for PBXNativeTarget "Assignment_10" */ = {
			isa = XCConfigurationList;
			buildConfigurations = (
				0DCDA538270B88ED00CC6805 /* Debug */,
				0DCDA539270B88ED00CC6805 /* Release */,
			);
			defaultConfigurationIsVisible = 0;
			defaultConfigurationName = Release;
		};
/* End XCConfigurationList section */
	};
	rootObject = 0DCDA51B270B88EC00CC6805 /* Project object */;
}
